// !$*UTF8*$!
{
	archiveVersion = 1;
	classes = {
	};
	objectVersion = 56;
	objects = {

/* Begin PBXBuildFile section */
		721BE90E2C4D062700A28D96 /* TextFieldUi.swift in Sources */ = {isa = PBXBuildFile; fileRef = 721BE90D2C4D062700A28D96 /* TextFieldUi.swift */; };
		7280FADA2C494D0E00ADFFD4 /* ColorUtils.swift in Sources */ = {isa = PBXBuildFile; fileRef = 7280FAD92C494D0E00ADFFD4 /* ColorUtils.swift */; };
		7280FADC2C495FC500ADFFD4 /* SendOtpView.swift in Sources */ = {isa = PBXBuildFile; fileRef = 7280FADB2C495FC500ADFFD4 /* SendOtpView.swift */; };
		7291B2542C441B19004929C5 /* SplashView.swift in Sources */ = {isa = PBXBuildFile; fileRef = 7291B2532C441B19004929C5 /* SplashView.swift */; };
		7291B2562C441D72004929C5 /* ViewUtils.swift in Sources */ = {isa = PBXBuildFile; fileRef = 7291B2552C441D72004929C5 /* ViewUtils.swift */; };
		72965D062C43E00400F7241B /* FirstAppApp.swift in Sources */ = {isa = PBXBuildFile; fileRef = 72965D052C43E00400F7241B /* FirstAppApp.swift */; };
		72965D082C43E00400F7241B /* ContentView.swift in Sources */ = {isa = PBXBuildFile; fileRef = 72965D072C43E00400F7241B /* ContentView.swift */; };
		72965D0A2C43E00700F7241B /* Assets.xcassets in Resources */ = {isa = PBXBuildFile; fileRef = 72965D092C43E00700F7241B /* Assets.xcassets */; };
		72965D0D2C43E00700F7241B /* Preview Assets.xcassets in Resources */ = {isa = PBXBuildFile; fileRef = 72965D0C2C43E00700F7241B /* Preview Assets.xcassets */; };
		72965D172C43E00700F7241B /* FirstAppTests.swift in Sources */ = {isa = PBXBuildFile; fileRef = 72965D162C43E00700F7241B /* FirstAppTests.swift */; };
		72965D212C43E00700F7241B /* FirstAppUITests.swift in Sources */ = {isa = PBXBuildFile; fileRef = 72965D202C43E00700F7241B /* FirstAppUITests.swift */; };
		72965D232C43E00700F7241B /* FirstAppUITestsLaunchTests.swift in Sources */ = {isa = PBXBuildFile; fileRef = 72965D222C43E00700F7241B /* FirstAppUITestsLaunchTests.swift */; };
/* End PBXBuildFile section */

/* Begin PBXContainerItemProxy section */
		72965D132C43E00700F7241B /* PBXContainerItemProxy */ = {
			isa = PBXContainerItemProxy;
			containerPortal = 72965CFA2C43E00400F7241B /* Project object */;
			proxyType = 1;
			remoteGlobalIDString = 72965D012C43E00400F7241B;
			remoteInfo = FirstApp;
		};
		72965D1D2C43E00700F7241B /* PBXContainerItemProxy */ = {
			isa = PBXContainerItemProxy;
			containerPortal = 72965CFA2C43E00400F7241B /* Project object */;
			proxyType = 1;
			remoteGlobalIDString = 72965D012C43E00400F7241B;
			remoteInfo = FirstApp;
		};
/* End PBXContainerItemProxy section */

/* Begin PBXFileReference section */
		721BE90D2C4D062700A28D96 /* TextFieldUi.swift */ = {isa = PBXFileReference; lastKnownFileType = sourcecode.swift; path = TextFieldUi.swift; sourceTree = "<group>"; };
		7280FAD92C494D0E00ADFFD4 /* ColorUtils.swift */ = {isa = PBXFileReference; lastKnownFileType = sourcecode.swift; path = ColorUtils.swift; sourceTree = "<group>"; };
		7280FADB2C495FC500ADFFD4 /* SendOtpView.swift */ = {isa = PBXFileReference; lastKnownFileType = sourcecode.swift; path = SendOtpView.swift; sourceTree = "<group>"; };
		7291B2532C441B19004929C5 /* SplashView.swift */ = {isa = PBXFileReference; lastKnownFileType = sourcecode.swift; path = SplashView.swift; sourceTree = "<group>"; };
		7291B2552C441D72004929C5 /* ViewUtils.swift */ = {isa = PBXFileReference; lastKnownFileType = sourcecode.swift; path = ViewUtils.swift; sourceTree = "<group>"; };
		72965D022C43E00400F7241B /* FirstApp.app */ = {isa = PBXFileReference; explicitFileType = wrapper.application; includeInIndex = 0; path = FirstApp.app; sourceTree = BUILT_PRODUCTS_DIR; };
		72965D052C43E00400F7241B /* FirstAppApp.swift */ = {isa = PBXFileReference; lastKnownFileType = sourcecode.swift; path = FirstAppApp.swift; sourceTree = "<group>"; };
		72965D072C43E00400F7241B /* ContentView.swift */ = {isa = PBXFileReference; lastKnownFileType = sourcecode.swift; path = ContentView.swift; sourceTree = "<group>"; };
		72965D092C43E00700F7241B /* Assets.xcassets */ = {isa = PBXFileReference; lastKnownFileType = folder.assetcatalog; path = Assets.xcassets; sourceTree = "<group>"; };
		72965D0C2C43E00700F7241B /* Preview Assets.xcassets */ = {isa = PBXFileReference; lastKnownFileType = folder.assetcatalog; path = "Preview Assets.xcassets"; sourceTree = "<group>"; };
		72965D122C43E00700F7241B /* FirstAppTests.xctest */ = {isa = PBXFileReference; explicitFileType = wrapper.cfbundle; includeInIndex = 0; path = FirstAppTests.xctest; sourceTree = BUILT_PRODUCTS_DIR; };
		72965D162C43E00700F7241B /* FirstAppTests.swift */ = {isa = PBXFileReference; lastKnownFileType = sourcecode.swift; path = FirstAppTests.swift; sourceTree = "<group>"; };
		72965D1C2C43E00700F7241B /* FirstAppUITests.xctest */ = {isa = PBXFileReference; explicitFileType = wrapper.cfbundle; includeInIndex = 0; path = FirstAppUITests.xctest; sourceTree = BUILT_PRODUCTS_DIR; };
		72965D202C43E00700F7241B /* FirstAppUITests.swift */ = {isa = PBXFileReference; lastKnownFileType = sourcecode.swift; path = FirstAppUITests.swift; sourceTree = "<group>"; };
		72965D222C43E00700F7241B /* FirstAppUITestsLaunchTests.swift */ = {isa = PBXFileReference; lastKnownFileType = sourcecode.swift; path = FirstAppUITestsLaunchTests.swift; sourceTree = "<group>"; };
/* End PBXFileReference section */

/* Begin PBXFrameworksBuildPhase section */
		72965CFF2C43E00400F7241B /* Frameworks */ = {
			isa = PBXFrameworksBuildPhase;
			buildActionMask = 2147483647;
			files = (
			);
			runOnlyForDeploymentPostprocessing = 0;
		};
		72965D0F2C43E00700F7241B /* Frameworks */ = {
			isa = PBXFrameworksBuildPhase;
			buildActionMask = 2147483647;
			files = (
			);
			runOnlyForDeploymentPostprocessing = 0;
		};
		72965D192C43E00700F7241B /* Frameworks */ = {
			isa = PBXFrameworksBuildPhase;
			buildActionMask = 2147483647;
			files = (
			);
			runOnlyForDeploymentPostprocessing = 0;
		};
/* End PBXFrameworksBuildPhase section */

/* Begin PBXGroup section */
		721BE90C2C4D05FC00A28D96 /* customView */ = {
			isa = PBXGroup;
			children = (
				721BE90D2C4D062700A28D96 /* TextFieldUi.swift */,
			);
			path = customView;
			sourceTree = "<group>";
		};
		7280FAD82C494CF400ADFFD4 /* utils */ = {
			isa = PBXGroup;
			children = (
				721BE90C2C4D05FC00A28D96 /* customView */,
				7280FAD92C494D0E00ADFFD4 /* ColorUtils.swift */,
			);
			path = utils;
			sourceTree = "<group>";
		};
		7291B2522C441AEF004929C5 /* view */ = {
			isa = PBXGroup;
			children = (
				7291B2532C441B19004929C5 /* SplashView.swift */,
				7291B2552C441D72004929C5 /* ViewUtils.swift */,
				7280FADB2C495FC500ADFFD4 /* SendOtpView.swift */,
			);
			path = view;
			sourceTree = "<group>";
		};
		72965CF92C43E00400F7241B = {
			isa = PBXGroup;
			children = (
				7280FAD82C494CF400ADFFD4 /* utils */,
				7291B2522C441AEF004929C5 /* view */,
				72965D042C43E00400F7241B /* FirstApp */,
				72965D152C43E00700F7241B /* FirstAppTests */,
				72965D1F2C43E00700F7241B /* FirstAppUITests */,
				72965D032C43E00400F7241B /* Products */,
			);
			sourceTree = "<group>";
		};
		72965D032C43E00400F7241B /* Products */ = {
			isa = PBXGroup;
			children = (
				72965D022C43E00400F7241B /* FirstApp.app */,
				72965D122C43E00700F7241B /* FirstAppTests.xctest */,
				72965D1C2C43E00700F7241B /* FirstAppUITests.xctest */,
			);
			name = Products;
			sourceTree = "<group>";
		};
		72965D042C43E00400F7241B /* FirstApp */ = {
			isa = PBXGroup;
			children = (
				72965D052C43E00400F7241B /* FirstAppApp.swift */,
				72965D072C43E00400F7241B /* ContentView.swift */,
				72965D092C43E00700F7241B /* Assets.xcassets */,
				72965D0B2C43E00700F7241B /* Preview Content */,
			);
			path = FirstApp;
			sourceTree = "<group>";
		};
		72965D0B2C43E00700F7241B /* Preview Content */ = {
			isa = PBXGroup;
			children = (
				72965D0C2C43E00700F7241B /* Preview Assets.xcassets */,
			);
			path = "Preview Content";
			sourceTree = "<group>";
		};
		72965D152C43E00700F7241B /* FirstAppTests */ = {
			isa = PBXGroup;
			children = (
				72965D162C43E00700F7241B /* FirstAppTests.swift */,
			);
			path = FirstAppTests;
			sourceTree = "<group>";
		};
		72965D1F2C43E00700F7241B /* FirstAppUITests */ = {
			isa = PBXGroup;
			children = (
				72965D202C43E00700F7241B /* FirstAppUITests.swift */,
				72965D222C43E00700F7241B /* FirstAppUITestsLaunchTests.swift */,
			);
			path = FirstAppUITests;
			sourceTree = "<group>";
		};
/* End PBXGroup section */

/* Begin PBXNativeTarget section */
		72965D012C43E00400F7241B /* FirstApp */ = {
			isa = PBXNativeTarget;
			buildConfigurationList = 72965D262C43E00700F7241B /* Build configuration list for PBXNativeTarget "FirstApp" */;
			buildPhases = (
				72965CFE2C43E00400F7241B /* Sources */,
				72965CFF2C43E00400F7241B /* Frameworks */,
				72965D002C43E00400F7241B /* Resources */,
			);
			buildRules = (
			);
			dependencies = (
			);
			name = FirstApp;
			productName = FirstApp;
			productReference = 72965D022C43E00400F7241B /* FirstApp.app */;
			productType = "com.apple.product-type.application";
		};
		72965D112C43E00700F7241B /* FirstAppTests */ = {
			isa = PBXNativeTarget;
			buildConfigurationList = 72965D292C43E00700F7241B /* Build configuration list for PBXNativeTarget "FirstAppTests" */;
			buildPhases = (
				72965D0E2C43E00700F7241B /* Sources */,
				72965D0F2C43E00700F7241B /* Frameworks */,
				72965D102C43E00700F7241B /* Resources */,
			);
			buildRules = (
			);
			dependencies = (
				72965D142C43E00700F7241B /* PBXTargetDependency */,
			);
			name = FirstAppTests;
			productName = FirstAppTests;
			productReference = 72965D122C43E00700F7241B /* FirstAppTests.xctest */;
			productType = "com.apple.product-type.bundle.unit-test";
		};
		72965D1B2C43E00700F7241B /* FirstAppUITests */ = {
			isa = PBXNativeTarget;
			buildConfigurationList = 72965D2C2C43E00700F7241B /* Build configuration list for PBXNativeTarget "FirstAppUITests" */;
			buildPhases = (
				72965D182C43E00700F7241B /* Sources */,
				72965D192C43E00700F7241B /* Frameworks */,
				72965D1A2C43E00700F7241B /* Resources */,
			);
			buildRules = (
			);
			dependencies = (
				72965D1E2C43E00700F7241B /* PBXTargetDependency */,
			);
			name = FirstAppUITests;
			productName = FirstAppUITests;
			productReference = 72965D1C2C43E00700F7241B /* FirstAppUITests.xctest */;
			productType = "com.apple.product-type.bundle.ui-testing";
		};
/* End PBXNativeTarget section */

/* Begin PBXProject section */
		72965CFA2C43E00400F7241B /* Project object */ = {
			isa = PBXProject;
			attributes = {
				BuildIndependentTargetsInParallel = 1;
				LastSwiftUpdateCheck = 1400;
				LastUpgradeCheck = 1400;
				TargetAttributes = {
					72965D012C43E00400F7241B = {
						CreatedOnToolsVersion = 14.0.1;
					};
					72965D112C43E00700F7241B = {
						CreatedOnToolsVersion = 14.0.1;
						TestTargetID = 72965D012C43E00400F7241B;
					};
					72965D1B2C43E00700F7241B = {
						CreatedOnToolsVersion = 14.0.1;
						TestTargetID = 72965D012C43E00400F7241B;
					};
				};
			};
			buildConfigurationList = 72965CFD2C43E00400F7241B /* Build configuration list for PBXProject "FirstApp" */;
			compatibilityVersion = "Xcode 14.0";
			developmentRegion = en;
			hasScannedForEncodings = 0;
			knownRegions = (
				en,
				Base,
			);
			mainGroup = 72965CF92C43E00400F7241B;
			productRefGroup = 72965D032C43E00400F7241B /* Products */;
			projectDirPath = "";
			projectRoot = "";
			targets = (
				72965D012C43E00400F7241B /* FirstApp */,
				72965D112C43E00700F7241B /* FirstAppTests */,
				72965D1B2C43E00700F7241B /* FirstAppUITests */,
			);
		};
/* End PBXProject section */

/* Begin PBXResourcesBuildPhase section */
		72965D002C43E00400F7241B /* Resources */ = {
			isa = PBXResourcesBuildPhase;
			buildActionMask = 2147483647;
			files = (
				72965D0D2C43E00700F7241B /* Preview Assets.xcassets in Resources */,
				72965D0A2C43E00700F7241B /* Assets.xcassets in Resources */,
			);
			runOnlyForDeploymentPostprocessing = 0;
		};
		72965D102C43E00700F7241B /* Resources */ = {
			isa = PBXResourcesBuildPhase;
			buildActionMask = 2147483647;
			files = (
			);
			runOnlyForDeploymentPostprocessing = 0;
		};
		72965D1A2C43E00700F7241B /* Resources */ = {
			isa = PBXResourcesBuildPhase;
			buildActionMask = 2147483647;
			files = (
			);
			runOnlyForDeploymentPostprocessing = 0;
		};
/* End PBXResourcesBuildPhase section */

/* Begin PBXSourcesBuildPhase section */
		72965CFE2C43E00400F7241B /* Sources */ = {
			isa = PBXSourcesBuildPhase;
			buildActionMask = 2147483647;
			files = (
				72965D082C43E00400F7241B /* ContentView.swift in Sources */,
				7280FADA2C494D0E00ADFFD4 /* ColorUtils.swift in Sources */,
				72965D062C43E00400F7241B /* FirstAppApp.swift in Sources */,
				7291B2562C441D72004929C5 /* ViewUtils.swift in Sources */,
				7280FADC2C495FC500ADFFD4 /* SendOtpView.swift in Sources */,
				721BE90E2C4D062700A28D96 /* TextFieldUi.swift in Sources */,
				7291B2542C441B19004929C5 /* SplashView.swift in Sources */,
			);
			runOnlyForDeploymentPostprocessing = 0;
		};
		72965D0E2C43E00700F7241B /* Sources */ = {
			isa = PBXSourcesBuildPhase;
			buildActionMask = 2147483647;
			files = (
				72965D172C43E00700F7241B /* FirstAppTests.swift in Sources */,
			);
			runOnlyForDeploymentPostprocessing = 0;
		};
		72965D182C43E00700F7241B /* Sources */ = {
			isa = PBXSourcesBuildPhase;
			buildActionMask = 2147483647;
			files = (
				72965D232C43E00700F7241B /* FirstAppUITestsLaunchTests.swift in Sources */,
				72965D212C43E00700F7241B /* FirstAppUITests.swift in Sources */,
			);
			runOnlyForDeploymentPostprocessing = 0;
		};
/* End PBXSourcesBuildPhase section */

/* Begin PBXTargetDependency section */
		72965D142C43E00700F7241B /* PBXTargetDependency */ = {
			isa = PBXTargetDependency;
			target = 72965D012C43E00400F7241B /* FirstApp */;
			targetProxy = 72965D132C43E00700F7241B /* PBXContainerItemProxy */;
		};
		72965D1E2C43E00700F7241B /* PBXTargetDependency */ = {
			isa = PBXTargetDependency;
			target = 72965D012C43E00400F7241B /* FirstApp */;
			targetProxy = 72965D1D2C43E00700F7241B /* PBXContainerItemProxy */;
		};
/* End PBXTargetDependency section */

/* Begin XCBuildConfiguration section */
		72965D242C43E00700F7241B /* Debug */ = {
			isa = XCBuildConfiguration;
			buildSettings = {
				ALWAYS_SEARCH_USER_PATHS = NO;
				CLANG_ANALYZER_NONNULL = YES;
				CLANG_ANALYZER_NUMBER_OBJECT_CONVERSION = YES_AGGRESSIVE;
				CLANG_CXX_LANGUAGE_STANDARD = "gnu++20";
				CLANG_ENABLE_MODULES = YES;
				CLANG_ENABLE_OBJC_ARC = YES;
				CLANG_ENABLE_OBJC_WEAK = YES;
				CLANG_WARN_BLOCK_CAPTURE_AUTORELEASING = YES;
				CLANG_WARN_BOOL_CONVERSION = YES;
				CLANG_WARN_COMMA = YES;
				CLANG_WARN_CONSTANT_CONVERSION = YES;
				CLANG_WARN_DEPRECATED_OBJC_IMPLEMENTATIONS = YES;
				CLANG_WARN_DIRECT_OBJC_ISA_USAGE = YES_ERROR;
				CLANG_WARN_DOCUMENTATION_COMMENTS = YES;
				CLANG_WARN_EMPTY_BODY = YES;
				CLANG_WARN_ENUM_CONVERSION = YES;
				CLANG_WARN_INFINITE_RECURSION = YES;
				CLANG_WARN_INT_CONVERSION = YES;
				CLANG_WARN_NON_LITERAL_NULL_CONVERSION = YES;
				CLANG_WARN_OBJC_IMPLICIT_RETAIN_SELF = YES;
				CLANG_WARN_OBJC_LITERAL_CONVERSION = YES;
				CLANG_WARN_OBJC_ROOT_CLASS = YES_ERROR;
				CLANG_WARN_QUOTED_INCLUDE_IN_FRAMEWORK_HEADER = YES;
				CLANG_WARN_RANGE_LOOP_ANALYSIS = YES;
				CLANG_WARN_STRICT_PROTOTYPES = YES;
				CLANG_WARN_SUSPICIOUS_MOVE = YES;
				CLANG_WARN_UNGUARDED_AVAILABILITY = YES_AGGRESSIVE;
				CLANG_WARN_UNREACHABLE_CODE = YES;
				CLANG_WARN__DUPLICATE_METHOD_MATCH = YES;
				COPY_PHASE_STRIP = NO;
				DEBUG_INFORMATION_FORMAT = dwarf;
				ENABLE_STRICT_OBJC_MSGSEND = YES;
				ENABLE_TESTABILITY = YES;
				GCC_C_LANGUAGE_STANDARD = gnu11;
				GCC_DYNAMIC_NO_PIC = NO;
				GCC_NO_COMMON_BLOCKS = YES;
				GCC_OPTIMIZATION_LEVEL = 0;
				GCC_PREPROCESSOR_DEFINITIONS = (
					"DEBUG=1",
					"$(inherited)",
				);
				GCC_WARN_64_TO_32_BIT_CONVERSION = YES;
				GCC_WARN_ABOUT_RETURN_TYPE = YES_ERROR;
				GCC_WARN_UNDECLARED_SELECTOR = YES;
				GCC_WARN_UNINITIALIZED_AUTOS = YES_AGGRESSIVE;
				GCC_WARN_UNUSED_FUNCTION = YES;
				GCC_WARN_UNUSED_VARIABLE = YES;
				IPHONEOS_DEPLOYMENT_TARGET = 16.0;
				MTL_ENABLE_DEBUG_INFO = INCLUDE_SOURCE;
				MTL_FAST_MATH = YES;
				ONLY_ACTIVE_ARCH = YES;
				SDKROOT = iphoneos;
				SWIFT_ACTIVE_COMPILATION_CONDITIONS = DEBUG;
				SWIFT_OPTIMIZATION_LEVEL = "-Onone";
			};
			name = Debug;
		};
		72965D252C43E00700F7241B /* Release */ = {
			isa = XCBuildConfiguration;
			buildSettings = {
				ALWAYS_SEARCH_USER_PATHS = NO;
				CLANG_ANALYZER_NONNULL = YES;
				CLANG_ANALYZER_NUMBER_OBJECT_CONVERSION = YES_AGGRESSIVE;
				CLANG_CXX_LANGUAGE_STANDARD = "gnu++20";
				CLANG_ENABLE_MODULES = YES;
				CLANG_ENABLE_OBJC_ARC = YES;
				CLANG_ENABLE_OBJC_WEAK = YES;
				CLANG_WARN_BLOCK_CAPTURE_AUTORELEASING = YES;
				CLANG_WARN_BOOL_CONVERSION = YES;
				CLANG_WARN_COMMA = YES;
				CLANG_WARN_CONSTANT_CONVERSION = YES;
				CLANG_WARN_DEPRECATED_OBJC_IMPLEMENTATIONS = YES;
				CLANG_WARN_DIRECT_OBJC_ISA_USAGE = YES_ERROR;
				CLANG_WARN_DOCUMENTATION_COMMENTS = YES;
				CLANG_WARN_EMPTY_BODY = YES;
				CLANG_WARN_ENUM_CONVERSION = YES;
				CLANG_WARN_INFINITE_RECURSION = YES;
				CLANG_WARN_INT_CONVERSION = YES;
				CLANG_WARN_NON_LITERAL_NULL_CONVERSION = YES;
				CLANG_WARN_OBJC_IMPLICIT_RETAIN_SELF = YES;
				CLANG_WARN_OBJC_LITERAL_CONVERSION = YES;
				CLANG_WARN_OBJC_ROOT_CLASS = YES_ERROR;
				CLANG_WARN_QUOTED_INCLUDE_IN_FRAMEWORK_HEADER = YES;
				CLANG_WARN_RANGE_LOOP_ANALYSIS = YES;
				CLANG_WARN_STRICT_PROTOTYPES = YES;
				CLANG_WARN_SUSPICIOUS_MOVE = YES;
				CLANG_WARN_UNGUARDED_AVAILABILITY = YES_AGGRESSIVE;
				CLANG_WARN_UNREACHABLE_CODE = YES;
				CLANG_WARN__DUPLICATE_METHOD_MATCH = YES;
				COPY_PHASE_STRIP = NO;
				DEBUG_INFORMATION_FORMAT = "dwarf-with-dsym";
				ENABLE_NS_ASSERTIONS = NO;
				ENABLE_STRICT_OBJC_MSGSEND = YES;
				GCC_C_LANGUAGE_STANDARD = gnu11;
				GCC_NO_COMMON_BLOCKS = YES;
				GCC_WARN_64_TO_32_BIT_CONVERSION = YES;
				GCC_WARN_ABOUT_RETURN_TYPE = YES_ERROR;
				GCC_WARN_UNDECLARED_SELECTOR = YES;
				GCC_WARN_UNINITIALIZED_AUTOS = YES_AGGRESSIVE;
				GCC_WARN_UNUSED_FUNCTION = YES;
				GCC_WARN_UNUSED_VARIABLE = YES;
				IPHONEOS_DEPLOYMENT_TARGET = 16.0;
				MTL_ENABLE_DEBUG_INFO = NO;
				MTL_FAST_MATH = YES;
				SDKROOT = iphoneos;
				SWIFT_COMPILATION_MODE = wholemodule;
				SWIFT_OPTIMIZATION_LEVEL = "-O";
				VALIDATE_PRODUCT = YES;
			};
			name = Release;
		};
		72965D272C43E00700F7241B /* Debug */ = {
			isa = XCBuildConfiguration;
			buildSettings = {
				ASSETCATALOG_COMPILER_APPICON_NAME = AppIcon;
				ASSETCATALOG_COMPILER_GLOBAL_ACCENT_COLOR_NAME = AccentColor;
				CODE_SIGN_STYLE = Automatic;
				CURRENT_PROJECT_VERSION = 1;
				DEVELOPMENT_ASSET_PATHS = "\"FirstApp/Preview Content\"";
				DEVELOPMENT_TEAM = T99LVJKU9T;
				ENABLE_PREVIEWS = YES;
				GENERATE_INFOPLIST_FILE = YES;
				INFOPLIST_KEY_UIApplicationSceneManifest_Generation = YES;
				INFOPLIST_KEY_UIApplicationSupportsIndirectInputEvents = YES;
				INFOPLIST_KEY_UILaunchScreen_Generation = YES;
				INFOPLIST_KEY_UISupportedInterfaceOrientations_iPad = "UIInterfaceOrientationPortrait UIInterfaceOrientationPortraitUpsideDown UIInterfaceOrientationLandscapeLeft UIInterfaceOrientationLandscapeRight";
				INFOPLIST_KEY_UISupportedInterfaceOrientations_iPhone = "UIInterfaceOrientationPortrait UIInterfaceOrientationLandscapeLeft UIInterfaceOrientationLandscapeRight";
				LD_RUNPATH_SEARCH_PATHS = (
					"$(inherited)",
					"@executable_path/Frameworks",
				);
				MARKETING_VERSION = 1.0;
				PRODUCT_BUNDLE_IDENTIFIER = com.ali.test.FirstApp;
				PRODUCT_NAME = "$(TARGET_NAME)";
				SWIFT_EMIT_LOC_STRINGS = YES;
				SWIFT_VERSION = 5.0;
				TARGETED_DEVICE_FAMILY = "1,2";
			};
			name = Debug;
		};
		72965D282C43E00700F7241B /* Release */ = {
			isa = XCBuildConfiguration;
			buildSettings = {
				ASSETCATALOG_COMPILER_APPICON_NAME = AppIcon;
				ASSETCATALOG_COMPILER_GLOBAL_ACCENT_COLOR_NAME = AccentColor;
				CODE_SIGN_STYLE = Automatic;
				CURRENT_PROJECT_VERSION = 1;
				DEVELOPMENT_ASSET_PATHS = "\"FirstApp/Preview Content\"";
				DEVELOPMENT_TEAM = T99LVJKU9T;
				ENABLE_PREVIEWS = YES;
				GENERATE_INFOPLIST_FILE = YES;
				INFOPLIST_KEY_UIApplicationSceneManifest_Generation = YES;
				INFOPLIST_KEY_UIApplicationSupportsIndirectInputEvents = YES;
				INFOPLIST_KEY_UILaunchScreen_Generation = YES;
				INFOPLIST_KEY_UISupportedInterfaceOrientations_iPad = "UIInterfaceOrientationPortrait UIInterfaceOrientationPortraitUpsideDown UIInterfaceOrientationLandscapeLeft UIInterfaceOrientationLandscapeRight";
				INFOPLIST_KEY_UISupportedInterfaceOrientations_iPhone = "UIInterfaceOrientationPortrait UIInterfaceOrientationLandscapeLeft UIInterfaceOrientationLandscapeRight";
				LD_RUNPATH_SEARCH_PATHS = (
					"$(inherited)",
					"@executable_path/Frameworks",
				);
				MARKETING_VERSION = 1.0;
				PRODUCT_BUNDLE_IDENTIFIER = com.ali.test.FirstApp;
				PRODUCT_NAME = "$(TARGET_NAME)";
				SWIFT_EMIT_LOC_STRINGS = YES;
				SWIFT_VERSION = 5.0;
				TARGETED_DEVICE_FAMILY = "1,2";
			};
			name = Release;
		};
		72965D2A2C43E00700F7241B /* Debug */ = {
			isa = XCBuildConfiguration;
			buildSettings = {
				ALWAYS_EMBED_SWIFT_STANDARD_LIBRARIES = YES;
				BUNDLE_LOADER = "$(TEST_HOST)";
				CODE_SIGN_STYLE = Automatic;
				CURRENT_PROJECT_VERSION = 1;
				DEVELOPMENT_TEAM = T99LVJKU9T;
				GENERATE_INFOPLIST_FILE = YES;
				IPHONEOS_DEPLOYMENT_TARGET = 16.0;
				MARKETING_VERSION = 1.0;
				PRODUCT_BUNDLE_IDENTIFIER = com.ali.test.FirstAppTests;
				PRODUCT_NAME = "$(TARGET_NAME)";
				SWIFT_EMIT_LOC_STRINGS = NO;
				SWIFT_VERSION = 5.0;
				TARGETED_DEVICE_FAMILY = "1,2";
				TEST_HOST = "$(BUILT_PRODUCTS_DIR)/FirstApp.app/$(BUNDLE_EXECUTABLE_FOLDER_PATH)/FirstApp";
			};
			name = Debug;
		};
		72965D2B2C43E00700F7241B /* Release */ = {
			isa = XCBuildConfiguration;
			buildSettings = {
				ALWAYS_EMBED_SWIFT_STANDARD_LIBRARIES = YES;
				BUNDLE_LOADER = "$(TEST_HOST)";
				CODE_SIGN_STYLE = Automatic;
				CURRENT_PROJECT_VERSION = 1;
				DEVELOPMENT_TEAM = T99LVJKU9T;
				GENERATE_INFOPLIST_FILE = YES;
				IPHONEOS_DEPLOYMENT_TARGET = 16.0;
				MARKETING_VERSION = 1.0;
				PRODUCT_BUNDLE_IDENTIFIER = com.ali.test.FirstAppTests;
				PRODUCT_NAME = "$(TARGET_NAME)";
				SWIFT_EMIT_LOC_STRINGS = NO;
				SWIFT_VERSION = 5.0;
				TARGETED_DEVICE_FAMILY = "1,2";
				TEST_HOST = "$(BUILT_PRODUCTS_DIR)/FirstApp.app/$(BUNDLE_EXECUTABLE_FOLDER_PATH)/FirstApp";
			};
			name = Release;
		};
		72965D2D2C43E00700F7241B /* Debug */ = {
			isa = XCBuildConfiguration;
			buildSettings = {
				ALWAYS_EMBED_SWIFT_STANDARD_LIBRARIES = YES;
				CODE_SIGN_STYLE = Automatic;
				CURRENT_PROJECT_VERSION = 1;
				DEVELOPMENT_TEAM = T99LVJKU9T;
				GENERATE_INFOPLIST_FILE = YES;
				MARKETING_VERSION = 1.0;
				PRODUCT_BUNDLE_IDENTIFIER = com.ali.test.FirstAppUITests;
				PRODUCT_NAME = "$(TARGET_NAME)";
				SWIFT_EMIT_LOC_STRINGS = NO;
				SWIFT_VERSION = 5.0;
				TARGETED_DEVICE_FAMILY = "1,2";
				TEST_TARGET_NAME = FirstApp;
			};
			name = Debug;
		};
		72965D2E2C43E00700F7241B /* Release */ = {
			isa = XCBuildConfiguration;
			buildSettings = {
				ALWAYS_EMBED_SWIFT_STANDARD_LIBRARIES = YES;
				CODE_SIGN_STYLE = Automatic;
				CURRENT_PROJECT_VERSION = 1;
				DEVELOPMENT_TEAM = T99LVJKU9T;
				GENERATE_INFOPLIST_FILE = YES;
				MARKETING_VERSION = 1.0;
				PRODUCT_BUNDLE_IDENTIFIER = com.ali.test.FirstAppUITests;
				PRODUCT_NAME = "$(TARGET_NAME)";
				SWIFT_EMIT_LOC_STRINGS = NO;
				SWIFT_VERSION = 5.0;
				TARGETED_DEVICE_FAMILY = "1,2";
				TEST_TARGET_NAME = FirstApp;
			};
			name = Release;
		};
/* End XCBuildConfiguration section */

/* Begin XCConfigurationList section */
		72965CFD2C43E00400F7241B /* Build configuration list for PBXProject "FirstApp" */ = {
			isa = XCConfigurationList;
			buildConfigurations = (
				72965D242C43E00700F7241B /* Debug */,
				72965D252C43E00700F7241B /* Release */,
			);
			defaultConfigurationIsVisible = 0;
			defaultConfigurationName = Release;
		};
		72965D262C43E00700F7241B /* Build configuration list for PBXNativeTarget "FirstApp" */ = {
			isa = XCConfigurationList;
			buildConfigurations = (
				72965D272C43E00700F7241B /* Debug */,
				72965D282C43E00700F7241B /* Release */,
			);
			defaultConfigurationIsVisible = 0;
			defaultConfigurationName = Release;
		};
		72965D292C43E00700F7241B /* Build configuration list for PBXNativeTarget "FirstAppTests" */ = {
			isa = XCConfigurationList;
			buildConfigurations = (
				72965D2A2C43E00700F7241B /* Debug */,
				72965D2B2C43E00700F7241B /* Release */,
			);
			defaultConfigurationIsVisible = 0;
			defaultConfigurationName = Release;
		};
		72965D2C2C43E00700F7241B /* Build configuration list for PBXNativeTarget "FirstAppUITests" */ = {
			isa = XCConfigurationList;
			buildConfigurations = (
				72965D2D2C43E00700F7241B /* Debug */,
				72965D2E2C43E00700F7241B /* Release */,
			);
			defaultConfigurationIsVisible = 0;
			defaultConfigurationName = Release;
		};
/* End XCConfigurationList section */
	};
	rootObject = 72965CFA2C43E00400F7241B /* Project object */;
}
